
Microsoft Visual Studio Solution File, Format Version 12.00
# Visual Studio 15
VisualStudioVersion = 15.0.27703.2026
MinimumVisualStudioVersion = 10.0.40219.1
Project("{FAE04EC0-301F-11D3-BF4B-00C04F79EFBC}") = "XmlTweak", "XmlTweak\XmlTweak.csproj", "{F59208D1-01FE-42ED-A3C8-AA622750170B}"
EndProject
Global
	GlobalSection(SolutionConfigurationPlatforms) = preSolution
		Debug|Any CPU = Debug|Any CPU
		Release|Any CPU = Release|Any CPU
	EndGlobalSection
	GlobalSection(ProjectConfigurationPlatforms) = postSolution
		{F59208D1-01FE-42ED-A3C8-AA622750170B}.Debug|Any CPU.ActiveCfg = Debug|Any CPU
		{F59208D1-01FE-42ED-A3C8-AA622750170B}.Debug|Any CPU.Build.0 = Debug|Any CPU
		{F59208D1-01FE-42ED-A3C8-AA622750170B}.Release|Any CPU.ActiveCfg = Release|Any CPU
		{F59208D1-01FE-42ED-A3C8-AA622750170B}.Release|Any CPU.Build.0 = Release|Any CPU
	EndGlobalSection
	GlobalSection(SolutionProperties) = preSolution
		HideSolutionNode = FALSE
	EndGlobalSection
	GlobalSection(ExtensibilityGlobals) = postSolution
		SolutionGuid = {E6EEA27C-2602-4124-9E6A-E2E851109084}
	EndGlobalSection
EndGlobal
